
Microsoft Visual Studio Solution File, Format Version 12.00
# Visual Studio Version 17
VisualStudioVersion = 17.14.36603.0 d17.14
MinimumVisualStudioVersion = 10.0.40219.1
Project("{8BC9CEB8-8B4A-11D0-8D11-00A0C91BC942}") = "compiler-pattern", "compiler-pattern.vcxproj", "{D1984E60-8322-4066-AD37-B1B2F6B4F2BC}"
EndProject
Global
	GlobalSection(SolutionConfigurationPlatforms) = preSolution
		Debug|x64 = Debug|x64
		Debug|x86 = Debug|x86
		Release|x64 = Release|x64
		Release|x86 = Release|x86
	EndGlobalSection
	GlobalSection(ProjectConfigurationPlatforms) = postSolution
		{D1984E60-8322-4066-AD37-B1B2F6B4F2BC}.Debug|x64.ActiveCfg = Debug|x64
		{D1984E60-8322-4066-AD37-B1B2F6B4F2BC}.Debug|x64.Build.0 = Debug|x64
		{D1984E60-8322-4066-AD37-B1B2F6B4F2BC}.Debug|x86.ActiveCfg = Debug|Win32
		{D1984E60-8322-4066-AD37-B1B2F6B4F2BC}.Debug|x86.Build.0 = Debug|Win32
		{D1984E60-8322-4066-AD37-B1B2F6B4F2BC}.Release|x64.ActiveCfg = Release|x64
		{D1984E60-8322-4066-AD37-B1B2F6B4F2BC}.Release|x64.Build.0 = Release|x64
		{D1984E60-8322-4066-AD37-B1B2F6B4F2BC}.Release|x86.ActiveCfg = Release|Win32
		{D1984E60-8322-4066-AD37-B1B2F6B4F2BC}.Release|x86.Build.0 = Release|Win32
	EndGlobalSection
	GlobalSection(SolutionProperties) = preSolution
		HideSolutionNode = FALSE
	EndGlobalSection
	GlobalSection(ExtensibilityGlobals) = postSolution
		SolutionGuid = {1EC75004-78D6-40C8-8E72-AD51256FAD5B}
	EndGlobalSection
EndGlobal
